git.sr.ht/~mariusor/go-xsd-duration v0.0.0-20220703122237-02e73435a078 h1:cliQ4HHsCo6xi2oWZYKWW4bly/Ory9FuTpFPRxj/mAg=
git.sr.ht/~mariusor/go-xsd-duration v0.0.0-20220703122237-02e73435a078/go.mod h1:g/V2Hjas6Z1UHUp4yIx6bATpNzJ7DYtD0FG3+xARWxs=
github.com/go-ap/activitypub v0.0.0-20240211124657-820024a66b78 h1:M3QPsOk2J/AyyIODQQf2Jm9vsp6Jor0NQWyIBzI3oSM=
github.com/go-ap/activitypub v0.0.0-20240211124657-820024a66b78/go.mod h1:cJ9Ye0ZNSMN7RzZDBRY3E+8M3Bpf/R1JX22Ir9yX6WI=
github.com/go-ap/errors v0.0.0-20231003111023-183eef4b31b7 h1:I2nuhyVI/48VXoRCCZR2hYBgnSXa+EuDJf/VyX06TC0=
github.com/go-ap/errors v0.0.0-20231003111023-183eef4b31b7/go.mod h1:5x8a6P/dhmMGFxWLcyYlyOuJ2lRNaHGhRv+yu8BaTSI=
github.com/go-ap/jsonld v0.0.0-20221030091449-f2a191312c73 h1:GMKIYXyXPGIp+hYiWOhfqK4A023HdgisDT4YGgf99mw=
github.com/go-ap/jsonld v0.0.0-20221030091449-f2a191312c73/go.mod h1:jyveZeGw5LaADntW+UEsMjl3IlIwk+DxlYNsbofQkGA=
github.com/valyala/fastjson v1.6.4 h1:uAUNq9Z6ymTgGhcm0UynUAB6tlbakBrz6CQFax3BXVQ=
github.com/valyala/fastjson v1.6.4/go.mod h1:CLCAqky6SMuOcxStkYQvblddUtoRxhYMGLrsQns1aXY=
